{
  "originHash" : "2a42867c9ff5bf9c40e74c5b6601403ca6291b5656761c8faaea511f6ee67710",
  "pins" : [
    {
      "identity" : "cloudstorage",
      "kind" : "remoteSourceControl",
      "location" : "https://github.com/nonstrict-hq/CloudStorage",
      "state" : {
        "revision" : "766a589bd1347dbf9c0f658dd6f35e82ba445392",
        "version" : "0.5.0"
      }
    },
    {
      "identity" : "swiftlintplugins",
      "kind" : "remoteSourceControl",
      "location" : "https://github.com/SimplyDanny/SwiftLintPlugins",
      "state" : {
        "revision" : "6c3d6c32a37224179dc290f21e03d1238f3d963b",
        "version" : "0.56.2"
      }
    }
  ],
  "version" : 3
}
